
Microsoft Visual Studio Solution File, Format Version 12.00
# Visual Studio Version 17
VisualStudioVersion = 17.9.34622.214
MinimumVisualStudioVersion = 10.0.40219.1
Project("{9A19103F-16F7-4668-BE54-9A1E7A4F7556}") = "TraversalCoreProject", "TraversalCoreProject\TraversalCoreProject.csproj", "{F3601E43-E606-4372-A506-C2064E4A64EE}"
EndProject
Project("{9A19103F-16F7-4668-BE54-9A1E7A4F7556}") = "EntityLayer", "EntityLayer\EntityLayer.csproj", "{8EADB117-B603-4F54-824B-FB0EC23AC039}"
EndProject
Project("{9A19103F-16F7-4668-BE54-9A1E7A4F7556}") = "DataAccessLayer", "DataAccessLayer\DataAccessLayer.csproj", "{3C89B037-1FC9-4F96-8ADE-531356BA9FE1}"
EndProject
Project("{9A19103F-16F7-4668-BE54-9A1E7A4F7556}") = "BusinessLayer", "BusinessLayer\BusinessLayer.csproj", "{BC7976D8-75CF-43F3-8983-03150430CC24}"
EndProject
Project("{FAE04EC0-301F-11D3-BF4B-00C04F79EFBC}") = "DTOLayer", "DTOLayer\DTOLayer.csproj", "{1F69F60B-0973-4E50-8F29-41D7608E2DCD}"
EndProject
Global
	GlobalSection(SolutionConfigurationPlatforms) = preSolution
		Debug|Any CPU = Debug|Any CPU
		Release|Any CPU = Release|Any CPU
	EndGlobalSection
	GlobalSection(ProjectConfigurationPlatforms) = postSolution
		{F3601E43-E606-4372-A506-C2064E4A64EE}.Debug|Any CPU.ActiveCfg = Debug|Any CPU
		{F3601E43-E606-4372-A506-C2064E4A64EE}.Debug|Any CPU.Build.0 = Debug|Any CPU
		{F3601E43-E606-4372-A506-C2064E4A64EE}.Release|Any CPU.ActiveCfg = Release|Any CPU
		{F3601E43-E606-4372-A506-C2064E4A64EE}.Release|Any CPU.Build.0 = Release|Any CPU
		{8EADB117-B603-4F54-824B-FB0EC23AC039}.Debug|Any CPU.ActiveCfg = Debug|Any CPU
		{8EADB117-B603-4F54-824B-FB0EC23AC039}.Debug|Any CPU.Build.0 = Debug|Any CPU
		{8EADB117-B603-4F54-824B-FB0EC23AC039}.Release|Any CPU.ActiveCfg = Release|Any CPU
		{8EADB117-B603-4F54-824B-FB0EC23AC039}.Release|Any CPU.Build.0 = Release|Any CPU
		{3C89B037-1FC9-4F96-8ADE-531356BA9FE1}.Debug|Any CPU.ActiveCfg = Debug|Any CPU
		{3C89B037-1FC9-4F96-8ADE-531356BA9FE1}.Debug|Any CPU.Build.0 = Debug|Any CPU
		{3C89B037-1FC9-4F96-8ADE-531356BA9FE1}.Release|Any CPU.ActiveCfg = Release|Any CPU
		{3C89B037-1FC9-4F96-8ADE-531356BA9FE1}.Release|Any CPU.Build.0 = Release|Any CPU
		{BC7976D8-75CF-43F3-8983-03150430CC24}.Debug|Any CPU.ActiveCfg = Debug|Any CPU
		{BC7976D8-75CF-43F3-8983-03150430CC24}.Debug|Any CPU.Build.0 = Debug|Any CPU
		{BC7976D8-75CF-43F3-8983-03150430CC24}.Release|Any CPU.ActiveCfg = Release|Any CPU
		{BC7976D8-75CF-43F3-8983-03150430CC24}.Release|Any CPU.Build.0 = Release|Any CPU
		{1F69F60B-0973-4E50-8F29-41D7608E2DCD}.Debug|Any CPU.ActiveCfg = Debug|Any CPU
		{1F69F60B-0973-4E50-8F29-41D7608E2DCD}.Debug|Any CPU.Build.0 = Debug|Any CPU
		{1F69F60B-0973-4E50-8F29-41D7608E2DCD}.Release|Any CPU.ActiveCfg = Release|Any CPU
		{1F69F60B-0973-4E50-8F29-41D7608E2DCD}.Release|Any CPU.Build.0 = Release|Any CPU
	EndGlobalSection
	GlobalSection(SolutionProperties) = preSolution
		HideSolutionNode = FALSE
	EndGlobalSection
	GlobalSection(ExtensibilityGlobals) = postSolution
		SolutionGuid = {0B2CFDDC-7777-49A7-93C2-0EF1D174882A}
	EndGlobalSection
EndGlobal
